
Microsoft Visual Studio Solution File, Format Version 12.00
# Visual Studio Version 16
VisualStudioVersion = 16.0.30406.217
MinimumVisualStudioVersion = 10.0.40219.1
Project("{FAE04EC0-301F-11D3-BF4B-00C04F79EFBC}") = "PlaygroundPages.UWP", "PlaygroundPages\PlaygroundPages.UWP\PlaygroundPages.UWP.csproj", "{D1A7A130-B136-403A-B7B8-E2DFCC5DF582}"
EndProject
Project("{FAE04EC0-301F-11D3-BF4B-00C04F79EFBC}") = "PlaygroundPages.Android", "PlaygroundPages\PlaygroundPages.Android\PlaygroundPages.Android.csproj", "{5A1BAED5-A374-444A-94E8-9E5282B63F06}"
EndProject
Project("{FAE04EC0-301F-11D3-BF4B-00C04F79EFBC}") = "PlaygroundPages.iOS", "PlaygroundPages\PlaygroundPages.iOS\PlaygroundPages.iOS.csproj", "{41C3F244-D11B-4A44-8E53-229955047B4A}"
EndProject
Project("{FAE04EC0-301F-11D3-BF4B-00C04F79EFBC}") = "PlaygroundPages", "PlaygroundPages\PlaygroundPages\PlaygroundPages.csproj", "{BEDF54DA-CE6E-4068-88B8-1B950F3B1313}"
EndProject
Global
	GlobalSection(SolutionConfigurationPlatforms) = preSolution
		Debug|Any CPU = Debug|Any CPU
		Debug|ARM = Debug|ARM
		Debug|iPhone = Debug|iPhone
		Debug|iPhoneSimulator = Debug|iPhoneSimulator
		Debug|x64 = Debug|x64
		Debug|x86 = Debug|x86
		Release|Any CPU = Release|Any CPU
		Release|ARM = Release|ARM
		Release|iPhone = Release|iPhone
		Release|iPhoneSimulator = Release|iPhoneSimulator
		Release|x64 = Release|x64
		Release|x86 = Release|x86
	EndGlobalSection
	GlobalSection(ProjectConfigurationPlatforms) = postSolution
		{D1A7A130-B136-403A-B7B8-E2DFCC5DF582}.Debug|Any CPU.ActiveCfg = Debug|x86
		{D1A7A130-B136-403A-B7B8-E2DFCC5DF582}.Debug|Any CPU.Build.0 = Debug|x86
		{D1A7A130-B136-403A-B7B8-E2DFCC5DF582}.Debug|Any CPU.Deploy.0 = Debug|x86
		{D1A7A130-B136-403A-B7B8-E2DFCC5DF582}.Debug|ARM.ActiveCfg = Debug|ARM
		{D1A7A130-B136-403A-B7B8-E2DFCC5DF582}.Debug|ARM.Build.0 = Debug|ARM
		{D1A7A130-B136-403A-B7B8-E2DFCC5DF582}.Debug|ARM.Deploy.0 = Debug|ARM
		{D1A7A130-B136-403A-B7B8-E2DFCC5DF582}.Debug|iPhone.ActiveCfg = Debug|x86
		{D1A7A130-B136-403A-B7B8-E2DFCC5DF582}.Debug|iPhone.Build.0 = Debug|x86
		{D1A7A130-B136-403A-B7B8-E2DFCC5DF582}.Debug|iPhone.Deploy.0 = Debug|x86
		{D1A7A130-B136-403A-B7B8-E2DFCC5DF582}.Debug|iPhoneSimulator.ActiveCfg = Debug|x86
		{D1A7A130-B136-403A-B7B8-E2DFCC5DF582}.Debug|iPhoneSimulator.Build.0 = Debug|x86
		{D1A7A130-B136-403A-B7B8-E2DFCC5DF582}.Debug|iPhoneSimulator.Deploy.0 = Debug|x86
		{D1A7A130-B136-403A-B7B8-E2DFCC5DF582}.Debug|x64.ActiveCfg = Debug|x64
		{D1A7A130-B136-403A-B7B8-E2DFCC5DF582}.Debug|x64.Build.0 = Debug|x64
		{D1A7A130-B136-403A-B7B8-E2DFCC5DF582}.Debug|x64.Deploy.0 = Debug|x64
		{D1A7A130-B136-403A-B7B8-E2DFCC5DF582}.Debug|x86.ActiveCfg = Debug|x86
		{D1A7A130-B136-403A-B7B8-E2DFCC5DF582}.Debug|x86.Build.0 = Debug|x86
		{D1A7A130-B136-403A-B7B8-E2DFCC5DF582}.Debug|x86.Deploy.0 = Debug|x86
		{D1A7A130-B136-403A-B7B8-E2DFCC5DF582}.Release|Any CPU.ActiveCfg = Release|x86
		{D1A7A130-B136-403A-B7B8-E2DFCC5DF582}.Release|Any CPU.Build.0 = Release|x86
		{D1A7A130-B136-403A-B7B8-E2DFCC5DF582}.Release|Any CPU.Deploy.0 = Release|x86
		{D1A7A130-B136-403A-B7B8-E2DFCC5DF582}.Release|ARM.ActiveCfg = Release|ARM
		{D1A7A130-B136-403A-B7B8-E2DFCC5DF582}.Release|ARM.Build.0 = Release|ARM
		{D1A7A130-B136-403A-B7B8-E2DFCC5DF582}.Release|ARM.Deploy.0 = Release|ARM
		{D1A7A130-B136-403A-B7B8-E2DFCC5DF582}.Release|iPhone.ActiveCfg = Release|x86
		{D1A7A130-B136-403A-B7B8-E2DFCC5DF582}.Release|iPhone.Build.0 = Release|x86
		{D1A7A130-B136-403A-B7B8-E2DFCC5DF582}.Release|iPhone.Deploy.0 = Release|x86
		{D1A7A130-B136-403A-B7B8-E2DFCC5DF582}.Release|iPhoneSimulator.ActiveCfg = Release|x86
		{D1A7A130-B136-403A-B7B8-E2DFCC5DF582}.Release|iPhoneSimulator.Build.0 = Release|x86
		{D1A7A130-B136-403A-B7B8-E2DFCC5DF582}.Release|iPhoneSimulator.Deploy.0 = Release|x86
		{D1A7A130-B136-403A-B7B8-E2DFCC5DF582}.Release|x64.ActiveCfg = Release|x64
		{D1A7A130-B136-403A-B7B8-E2DFCC5DF582}.Release|x64.Build.0 = Release|x64
		{D1A7A130-B136-403A-B7B8-E2DFCC5DF582}.Release|x64.Deploy.0 = Release|x64
		{D1A7A130-B136-403A-B7B8-E2DFCC5DF582}.Release|x86.ActiveCfg = Release|x86
		{D1A7A130-B136-403A-B7B8-E2DFCC5DF582}.Release|x86.Build.0 = Release|x86
		{D1A7A130-B136-403A-B7B8-E2DFCC5DF582}.Release|x86.Deploy.0 = Release|x86
		{5A1BAED5-A374-444A-94E8-9E5282B63F06}.Debug|Any CPU.ActiveCfg = Debug|Any CPU
		{5A1BAED5-A374-444A-94E8-9E5282B63F06}.Debug|Any CPU.Build.0 = Debug|Any CPU
		{5A1BAED5-A374-444A-94E8-9E5282B63F06}.Debug|Any CPU.Deploy.0 = Debug|Any CPU
		{5A1BAED5-A374-444A-94E8-9E5282B63F06}.Debug|ARM.ActiveCfg = Debug|Any CPU
		{5A1BAED5-A374-444A-94E8-9E5282B63F06}.Debug|ARM.Build.0 = Debug|Any CPU
		{5A1BAED5-A374-444A-94E8-9E5282B63F06}.Debug|ARM.Deploy.0 = Debug|Any CPU
		{5A1BAED5-A374-444A-94E8-9E5282B63F06}.Debug|iPhone.ActiveCfg = Debug|Any CPU
		{5A1BAED5-A374-444A-94E8-9E5282B63F06}.Debug|iPhone.Build.0 = Debug|Any CPU
		{5A1BAED5-A374-444A-94E8-9E5282B63F06}.Debug|iPhone.Deploy.0 = Debug|Any CPU
		{5A1BAED5-A374-444A-94E8-9E5282B63F06}.Debug|iPhoneSimulator.ActiveCfg = Debug|Any CPU
		{5A1BAED5-A374-444A-94E8-9E5282B63F06}.Debug|iPhoneSimulator.Build.0 = Debug|Any CPU
		{5A1BAED5-A374-444A-94E8-9E5282B63F06}.Debug|iPhoneSimulator.Deploy.0 = Debug|Any CPU
		{5A1BAED5-A374-444A-94E8-9E5282B63F06}.Debug|x64.ActiveCfg = Debug|Any CPU
		{5A1BAED5-A374-444A-94E8-9E5282B63F06}.Debug|x64.Build.0 = Debug|Any CPU
		{5A1BAED5-A374-444A-94E8-9E5282B63F06}.Debug|x64.Deploy.0 = Debug|Any CPU
		{5A1BAED5-A374-444A-94E8-9E5282B63F06}.Debug|x86.ActiveCfg = Debug|Any CPU
		{5A1BAED5-A374-444A-94E8-9E5282B63F06}.Debug|x86.Build.0 = Debug|Any CPU
		{5A1BAED5-A374-444A-94E8-9E5282B63F06}.Debug|x86.Deploy.0 = Debug|Any CPU
		{5A1BAED5-A374-444A-94E8-9E5282B63F06}.Release|Any CPU.ActiveCfg = Release|Any CPU
		{5A1BAED5-A374-444A-94E8-9E5282B63F06}.Release|Any CPU.Build.0 = Release|Any CPU
		{5A1BAED5-A374-444A-94E8-9E5282B63F06}.Release|Any CPU.Deploy.0 = Release|Any CPU
		{5A1BAED5-A374-444A-94E8-9E5282B63F06}.Release|ARM.ActiveCfg = Release|Any CPU
		{5A1BAED5-A374-444A-94E8-9E5282B63F06}.Release|ARM.Build.0 = Release|Any CPU
		{5A1BAED5-A374-444A-94E8-9E5282B63F06}.Release|ARM.Deploy.0 = Release|Any CPU
		{5A1BAED5-A374-444A-94E8-9E5282B63F06}.Release|iPhone.ActiveCfg = Release|Any CPU
		{5A1BAED5-A374-444A-94E8-9E5282B63F06}.Release|iPhone.Build.0 = Release|Any CPU
		{5A1BAED5-A374-444A-94E8-9E5282B63F06}.Release|iPhone.Deploy.0 = Release|Any CPU
		{5A1BAED5-A374-444A-94E8-9E5282B63F06}.Release|iPhoneSimulator.ActiveCfg = Release|Any CPU
		{5A1BAED5-A374-444A-94E8-9E5282B63F06}.Release|iPhoneSimulator.Build.0 = Release|Any CPU
		{5A1BAED5-A374-444A-94E8-9E5282B63F06}.Release|iPhoneSimulator.Deploy.0 = Release|Any CPU
		{5A1BAED5-A374-444A-94E8-9E5282B63F06}.Release|x64.ActiveCfg = Release|Any CPU
		{5A1BAED5-A374-444A-94E8-9E5282B63F06}.Release|x64.Build.0 = Release|Any CPU
		{5A1BAED5-A374-444A-94E8-9E5282B63F06}.Release|x64.Deploy.0 = Release|Any CPU
		{5A1BAED5-A374-444A-94E8-9E5282B63F06}.Release|x86.ActiveCfg = Release|Any CPU
		{5A1BAED5-A374-444A-94E8-9E5282B63F06}.Release|x86.Build.0 = Release|Any CPU
		{5A1BAED5-A374-444A-94E8-9E5282B63F06}.Release|x86.Deploy.0 = Release|Any CPU
		{41C3F244-D11B-4A44-8E53-229955047B4A}.Debug|Any CPU.ActiveCfg = Debug|iPhone
		{41C3F244-D11B-4A44-8E53-229955047B4A}.Debug|Any CPU.Build.0 = Debug|iPhone
		{41C3F244-D11B-4A44-8E53-229955047B4A}.Debug|Any CPU.Deploy.0 = Debug|iPhone
		{41C3F244-D11B-4A44-8E53-229955047B4A}.Debug|ARM.ActiveCfg = Debug|iPhone
		{41C3F244-D11B-4A44-8E53-229955047B4A}.Debug|ARM.Build.0 = Debug|iPhone
		{41C3F244-D11B-4A44-8E53-229955047B4A}.Debug|ARM.Deploy.0 = Debug|iPhone
		{41C3F244-D11B-4A44-8E53-229955047B4A}.Debug|iPhone.ActiveCfg = Debug|iPhone
		{41C3F244-D11B-4A44-8E53-229955047B4A}.Debug|iPhone.Build.0 = Debug|iPhone
		{41C3F244-D11B-4A44-8E53-229955047B4A}.Debug|iPhone.Deploy.0 = Debug|iPhone
		{41C3F244-D11B-4A44-8E53-229955047B4A}.Debug|iPhoneSimulator.ActiveCfg = Debug|iPhoneSimulator
		{41C3F244-D11B-4A44-8E53-229955047B4A}.Debug|iPhoneSimulator.Build.0 = Debug|iPhoneSimulator
		{41C3F244-D11B-4A44-8E53-229955047B4A}.Debug|iPhoneSimulator.Deploy.0 = Debug|iPhoneSimulator
		{41C3F244-D11B-4A44-8E53-229955047B4A}.Debug|x64.ActiveCfg = Debug|iPhone
		{41C3F244-D11B-4A44-8E53-229955047B4A}.Debug|x64.Build.0 = Debug|iPhone
		{41C3F244-D11B-4A44-8E53-229955047B4A}.Debug|x64.Deploy.0 = Debug|iPhone
		{41C3F244-D11B-4A44-8E53-229955047B4A}.Debug|x86.ActiveCfg = Debug|iPhone
		{41C3F244-D11B-4A44-8E53-229955047B4A}.Debug|x86.Build.0 = Debug|iPhone
		{41C3F244-D11B-4A44-8E53-229955047B4A}.Debug|x86.Deploy.0 = Debug|iPhone
		{41C3F244-D11B-4A44-8E53-229955047B4A}.Release|Any CPU.ActiveCfg = Release|iPhone
		{41C3F244-D11B-4A44-8E53-229955047B4A}.Release|Any CPU.Build.0 = Release|iPhone
		{41C3F244-D11B-4A44-8E53-229955047B4A}.Release|Any CPU.Deploy.0 = Release|iPhone
		{41C3F244-D11B-4A44-8E53-229955047B4A}.Release|ARM.ActiveCfg = Release|iPhone
		{41C3F244-D11B-4A44-8E53-229955047B4A}.Release|ARM.Build.0 = Release|iPhone
		{41C3F244-D11B-4A44-8E53-229955047B4A}.Release|ARM.Deploy.0 = Release|iPhone
		{41C3F244-D11B-4A44-8E53-229955047B4A}.Release|iPhone.ActiveCfg = Release|iPhone
		{41C3F244-D11B-4A44-8E53-229955047B4A}.Release|iPhone.Build.0 = Release|iPhone
		{41C3F244-D11B-4A44-8E53-229955047B4A}.Release|iPhone.Deploy.0 = Release|iPhone
		{41C3F244-D11B-4A44-8E53-229955047B4A}.Release|iPhoneSimulator.ActiveCfg = Release|iPhoneSimulator
		{41C3F244-D11B-4A44-8E53-229955047B4A}.Release|iPhoneSimulator.Build.0 = Release|iPhoneSimulator
		{41C3F244-D11B-4A44-8E53-229955047B4A}.Release|iPhoneSimulator.Deploy.0 = Release|iPhoneSimulator
		{41C3F244-D11B-4A44-8E53-229955047B4A}.Release|x64.ActiveCfg = Release|iPhone
		{41C3F244-D11B-4A44-8E53-229955047B4A}.Release|x64.Build.0 = Release|iPhone
		{41C3F244-D11B-4A44-8E53-229955047B4A}.Release|x64.Deploy.0 = Release|iPhone
		{41C3F244-D11B-4A44-8E53-229955047B4A}.Release|x86.ActiveCfg = Release|iPhone
		{41C3F244-D11B-4A44-8E53-229955047B4A}.Release|x86.Build.0 = Release|iPhone
		{41C3F244-D11B-4A44-8E53-229955047B4A}.Release|x86.Deploy.0 = Release|iPhone
		{BEDF54DA-CE6E-4068-88B8-1B950F3B1313}.Debug|Any CPU.ActiveCfg = Debug|Any CPU
		{BEDF54DA-CE6E-4068-88B8-1B950F3B1313}.Debug|Any CPU.Build.0 = Debug|Any CPU
		{BEDF54DA-CE6E-4068-88B8-1B950F3B1313}.Debug|Any CPU.Deploy.0 = Debug|Any CPU
		{BEDF54DA-CE6E-4068-88B8-1B950F3B1313}.Debug|ARM.ActiveCfg = Debug|Any CPU
		{BEDF54DA-CE6E-4068-88B8-1B950F3B1313}.Debug|ARM.Build.0 = Debug|Any CPU
		{BEDF54DA-CE6E-4068-88B8-1B950F3B1313}.Debug|ARM.Deploy.0 = Debug|Any CPU
		{BEDF54DA-CE6E-4068-88B8-1B950F3B1313}.Debug|iPhone.ActiveCfg = Debug|Any CPU
		{BEDF54DA-CE6E-4068-88B8-1B950F3B1313}.Debug|iPhone.Build.0 = Debug|Any CPU
		{BEDF54DA-CE6E-4068-88B8-1B950F3B1313}.Debug|iPhone.Deploy.0 = Debug|Any CPU
		{BEDF54DA-CE6E-4068-88B8-1B950F3B1313}.Debug|iPhoneSimulator.ActiveCfg = Debug|Any CPU
		{BEDF54DA-CE6E-4068-88B8-1B950F3B1313}.Debug|iPhoneSimulator.Build.0 = Debug|Any CPU
		{BEDF54DA-CE6E-4068-88B8-1B950F3B1313}.Debug|iPhoneSimulator.Deploy.0 = Debug|Any CPU
		{BEDF54DA-CE6E-4068-88B8-1B950F3B1313}.Debug|x64.ActiveCfg = Debug|Any CPU
		{BEDF54DA-CE6E-4068-88B8-1B950F3B1313}.Debug|x64.Build.0 = Debug|Any CPU
		{BEDF54DA-CE6E-4068-88B8-1B950F3B1313}.Debug|x64.Deploy.0 = Debug|Any CPU
		{BEDF54DA-CE6E-4068-88B8-1B950F3B1313}.Debug|x86.ActiveCfg = Debug|Any CPU
		{BEDF54DA-CE6E-4068-88B8-1B950F3B1313}.Debug|x86.Build.0 = Debug|Any CPU
		{BEDF54DA-CE6E-4068-88B8-1B950F3B1313}.Debug|x86.Deploy.0 = Debug|Any CPU
		{BEDF54DA-CE6E-4068-88B8-1B950F3B1313}.Release|Any CPU.ActiveCfg = Release|Any CPU
		{BEDF54DA-CE6E-4068-88B8-1B950F3B1313}.Release|Any CPU.Build.0 = Release|Any CPU
		{BEDF54DA-CE6E-4068-88B8-1B950F3B1313}.Release|Any CPU.Deploy.0 = Release|Any CPU
		{BEDF54DA-CE6E-4068-88B8-1B950F3B1313}.Release|ARM.ActiveCfg = Release|Any CPU
		{BEDF54DA-CE6E-4068-88B8-1B950F3B1313}.Release|ARM.Build.0 = Release|Any CPU
		{BEDF54DA-CE6E-4068-88B8-1B950F3B1313}.Release|ARM.Deploy.0 = Release|Any CPU
		{BEDF54DA-CE6E-4068-88B8-1B950F3B1313}.Release|iPhone.ActiveCfg = Release|Any CPU
		{BEDF54DA-CE6E-4068-88B8-1B950F3B1313}.Release|iPhone.Build.0 = Release|Any CPU
		{BEDF54DA-CE6E-4068-88B8-1B950F3B1313}.Release|iPhone.Deploy.0 = Release|Any CPU
		{BEDF54DA-CE6E-4068-88B8-1B950F3B1313}.Release|iPhoneSimulator.ActiveCfg = Release|Any CPU
		{BEDF54DA-CE6E-4068-88B8-1B950F3B1313}.Release|iPhoneSimulator.Build.0 = Release|Any CPU
		{BEDF54DA-CE6E-4068-88B8-1B950F3B1313}.Release|iPhoneSimulator.Deploy.0 = Release|Any CPU
		{BEDF54DA-CE6E-4068-88B8-1B950F3B1313}.Release|x64.ActiveCfg = Release|Any CPU
		{BEDF54DA-CE6E-4068-88B8-1B950F3B1313}.Release|x64.Build.0 = Release|Any CPU
		{BEDF54DA-CE6E-4068-88B8-1B950F3B1313}.Release|x64.Deploy.0 = Release|Any CPU
		{BEDF54DA-CE6E-4068-88B8-1B950F3B1313}.Release|x86.ActiveCfg = Release|Any CPU
		{BEDF54DA-CE6E-4068-88B8-1B950F3B1313}.Release|x86.Build.0 = Release|Any CPU
		{BEDF54DA-CE6E-4068-88B8-1B950F3B1313}.Release|x86.Deploy.0 = Release|Any CPU
	EndGlobalSection
	GlobalSection(SolutionProperties) = preSolution
		HideSolutionNode = FALSE
	EndGlobalSection
	GlobalSection(ExtensibilityGlobals) = postSolution
		SolutionGuid = {EF7F1E60-4EF1-4E46-96E9-A2A6227C4F3D}
	EndGlobalSection
EndGlobal
